
Microsoft Visual Studio Solution File, Format Version 12.00
# Visual Studio 15
VisualStudioVersion = 15.0.27703.2042
MinimumVisualStudioVersion = 10.0.40219.1
Project("{9A19103F-16F7-4668-BE54-9A1E7A4F7556}") = "Storyboarder.Web", "Storyboarder.Web\Storyboarder.Web.csproj", "{96AF7B94-E21B-499F-B60A-E77DA3AA12C2}"
EndProject
Project("{FAE04EC0-301F-11D3-BF4B-00C04F79EFBC}") = "Storyboarder.Tests", "Storyboarder.Tests\Storyboarder.Tests.csproj", "{403737AD-0B89-4643-9F83-45C974214C16}"
EndProject
Global
	GlobalSection(SolutionConfigurationPlatforms) = preSolution
		Debug|Any CPU = Debug|Any CPU
		Release|Any CPU = Release|Any CPU
	EndGlobalSection
	GlobalSection(ProjectConfigurationPlatforms) = postSolution
		{96AF7B94-E21B-499F-B60A-E77DA3AA12C2}.Debug|Any CPU.ActiveCfg = Debug|Any CPU
		{96AF7B94-E21B-499F-B60A-E77DA3AA12C2}.Debug|Any CPU.Build.0 = Debug|Any CPU
		{96AF7B94-E21B-499F-B60A-E77DA3AA12C2}.Release|Any CPU.ActiveCfg = Release|Any CPU
		{96AF7B94-E21B-499F-B60A-E77DA3AA12C2}.Release|Any CPU.Build.0 = Release|Any CPU
		{403737AD-0B89-4643-9F83-45C974214C16}.Debug|Any CPU.ActiveCfg = Debug|Any CPU
		{403737AD-0B89-4643-9F83-45C974214C16}.Debug|Any CPU.Build.0 = Debug|Any CPU
		{403737AD-0B89-4643-9F83-45C974214C16}.Release|Any CPU.ActiveCfg = Release|Any CPU
		{403737AD-0B89-4643-9F83-45C974214C16}.Release|Any CPU.Build.0 = Release|Any CPU
	EndGlobalSection
	GlobalSection(SolutionProperties) = preSolution
		HideSolutionNode = FALSE
	EndGlobalSection
	GlobalSection(ExtensibilityGlobals) = postSolution
		SolutionGuid = {4162772D-5082-4425-8249-D0B7BEE41170}
	EndGlobalSection
EndGlobal
